# THIS IS AN AUTOGENERATED FILE. DO NOT EDIT THIS FILE DIRECTLY.
# yarn lockfile v1


ansi-styles@^3.2.1:
  version "3.2.1"
  resolved "https://registry.yarnpkg.com/ansi-styles/-/ansi-styles-3.2.1.tgz#41fbb20243e50b12be0f04b8dedbf07520ce841d"
  dependencies:
    color-convert "^1.9.0"

chalk@^2.4.1:
  version "2.4.1"
  resolved "https://registry.yarnpkg.com/chalk/-/chalk-2.4.1.tgz#18c49ab16a037b6eb0152cc83e3471338215b66e"
  dependencies:
    ansi-styles "^3.2.1"
    escape-string-regexp "^1.0.5"
    supports-color "^5.3.0"

color-convert@^1.9.0:
  version "1.9.1"
  resolved "https://registry.yarnpkg.com/color-convert/-/color-convert-1.9.1.tgz#c1261107aeb2f294ebffec9ed9ecad529a6097ed"
  dependencies:
    color-name "^1.1.1"

color-name@^1.1.1:
  version "1.1.3"
  resolved "https://registry.yarnpkg.com/color-name/-/color-name-1.1.3.tgz#a7d0558bd89c42f795dd42328f740831ca53bc25"

cssesc@^1.0.1:
  version "1.0.1"
  resolved "https://registry.yarnpkg.com/cssesc/-/cssesc-1.0.1.tgz#ef7bd8d0229ed6a3a7051ff7771265fe7330e0a8"

escape-string-regexp@^1.0.5:
  version "1.0.5"
  resolved "https://registry.yarnpkg.com/escape-string-regexp/-/escape-string-regexp-1.0.5.tgz#1b61c0562190a8dff6ae3bb2cf0200ca130b86d4"

has-flag@^3.0.0:
  version "3.0.0"
  resolved "https://registry.yarnpkg.com/has-flag/-/has-flag-3.0.0.tgz#b5d454dc2199ae225699f3467e5a07f3b955bafd"

indexes-of@^1.0.1:
  version "1.0.1"
  resolved "https://registry.yarnpkg.com/indexes-of/-/indexes-of-1.0.1.tgz#f30f716c8e2bd346c7b67d3df3915566a7c05607"

lodash@^4.17.4:
  version "4.17.10"
  resolved "https://registry.yarnpkg.com/lodash/-/lodash-4.17.10.tgz#1b7793cf7259ea38fb3661d4d38b3260af8ae4e7"

postcss-media-query-parser@^0.2.3:
  version "0.2.3"
  resolved "https://registry.yarnpkg.com/postcss-media-query-parser/-/postcss-media-query-parser-0.2.3.tgz#27b39c6f4d94f81b1a73b8f76351c609e5cef244"

postcss-resolve-nested-selector@^0.1.1:
  version "0.1.1"
  resolved "https://registry.yarnpkg.com/postcss-resolve-nested-selector/-/postcss-resolve-nested-selector-0.1.1.tgz#29ccbc7c37dedfac304e9fff0bf1596b3f6a0e4e"

postcss-selector-parser@^4.0.0:
  version "4.0.0"
  resolved "https://registry.yarnpkg.com/postcss-selector-parser/-/postcss-selector-parser-4.0.0.tgz#50c6570f40579036d8e63f23e6c0626fe5743527"
  dependencies:
    cssesc "^1.0.1"
    indexes-of "^1.0.1"
    uniq "^1.0.1"

postcss-sorting@^3.1.0:
  version "3.1.0"
  resolved "https://registry.yarnpkg.com/postcss-sorting/-/postcss-sorting-3.1.0.tgz#af7c90ee73ad12569a57664eaf06735c2e25bec0"
  dependencies:
    lodash "^4.17.4"
    postcss "^6.0.13"

postcss-value-parser@^3.3.0:
  version "3.3.0"
  resolved "https://registry.yarnpkg.com/postcss-value-parser/-/postcss-value-parser-3.3.0.tgz#87f38f9f18f774a4ab4c8a232f5c5ce8872a9d15"

postcss@^6.0.13, postcss@^6.0.14:
  version "6.0.22"
  resolved "https://registry.yarnpkg.com/postcss/-/postcss-6.0.22.tgz#e23b78314905c3b90cbd61702121e7a78848f2a3"
  dependencies:
    chalk "^2.4.1"
    source-map "^0.6.1"
    supports-color "^5.4.0"

source-map@^0.6.1:
  version "0.6.1"
  resolved "https://registry.yarnpkg.com/source-map/-/source-map-0.6.1.tgz#74722af32e9614e9c287a8d0bbde48b5e2f1a263"

stylelint-config-recess-order@^2.0.0:
  version "2.0.0"
  resolved "https://registry.yarnpkg.com/stylelint-config-recess-order/-/stylelint-config-recess-order-2.0.0.tgz#89840e844b5969d83930b2956a5c6917e837b0ce"
  dependencies:
    stylelint-order "^0.8.1"

stylelint-config-recommended@^2.1.0:
  version "2.1.0"
  resolved "https://registry.yarnpkg.com/stylelint-config-recommended/-/stylelint-config-recommended-2.1.0.tgz#f526d5c771c6811186d9eaedbed02195fee30858"

stylelint-config-standard@^18.2.0:
  version "18.2.0"
  resolved "https://registry.yarnpkg.com/stylelint-config-standard/-/stylelint-config-standard-18.2.0.tgz#6283149aba7f64f18731aef8f0abfb35cf619e06"
  dependencies:
    stylelint-config-recommended "^2.1.0"

stylelint-order@^0.8.1:
  version "0.8.1"
  resolved "https://registry.yarnpkg.com/stylelint-order/-/stylelint-order-0.8.1.tgz#35f71af3a15954154e0e99e5646ba3d6fbe34f8d"
  dependencies:
    lodash "^4.17.4"
    postcss "^6.0.14"
    postcss-sorting "^3.1.0"

stylelint-scss@^3.1.0:
  version "3.1.0"
  resolved "https://registry.yarnpkg.com/stylelint-scss/-/stylelint-scss-3.1.0.tgz#aa46503014d1a6edb2fb4c5fefb73a7d0d5bc644"
  dependencies:
    lodash "^4.17.4"
    postcss-media-query-parser "^0.2.3"
    postcss-resolve-nested-selector "^0.1.1"
    postcss-selector-parser "^4.0.0"
    postcss-value-parser "^3.3.0"

supports-color@^5.3.0, supports-color@^5.4.0:
  version "5.4.0"
  resolved "https://registry.yarnpkg.com/supports-color/-/supports-color-5.4.0.tgz#1c6b337402c2137605efe19f10fec390f6faab54"
  dependencies:
    has-flag "^3.0.0"

uniq@^1.0.1:
  version "1.0.1"
  resolved "https://registry.yarnpkg.com/uniq/-/uniq-1.0.1.tgz#b31c5ae8254844a3a8281541ce2b04b865a734ff"
